# Explicit conda lock of deploy/full/environment.yml (linux-64). Generated by deploy/full/deploy.sh lock;
# do not edit by hand.
@EXPLICIT
https://conda.anaconda.org/conda-forge/noarch/nomkl-1.0-h5ca1d4c_0.tar.bz2#9a66894dfd07c4510beb6b3f9672ccc0
https://conda.anaconda.org/conda-forge/noarch/python_abi-3.11-9_cp311.conda#18e91a03be08122180f208723e42a52e
https://conda.anaconda.org/conda-forge/noarch/tzdata-2026c-h151e31d_0.conda#fcb489df604d100968b737f2cb6076c6
https://conda.anaconda.org/conda-forge/noarch/ca-certificates-2026.7.22-hbd8a1cb_0.conda#0f51e2391ade309db462a55611263e9c
https://conda.anaconda.org/conda-forge/noarch/_r-mutex-1.0.1-anacondar_1.tar.bz2#19f9db5f4f1b7f5ef5f6d67207f25f38
https://conda.anaconda.org/conda-forge/noarch/libstdcxx-devel_linux-64-16.2.0-h86e191b_107.conda#a713d3c09518a9fc8f603ac0e157263c
https://conda.anaconda.org/conda-forge/noarch/libgcc-devel_linux-64-16.2.0-he3ce08f_107.conda#f689d67c3e828fe80ff290d15f361bc5
https://conda.anaconda.org/conda-forge/noarch/kernel-headers_linux-64-6.12.0-he073ed8_6.conda#ad5a27ffc9350af2624927dd79edf2be
https://conda.anaconda.org/conda-forge/noarch/font-ttf-dejavu-sans-mono-2.37-hab24e00_0.tar.bz2#0c96522c6bdaed4b1566d11387caaf45
https://conda.anaconda.org/conda-forge/noarch/font-ttf-inconsolata-3.000-h77eed37_0.tar.bz2#34893075a5c9e55cdafac56607368fc6
https://conda.anaconda.org/conda-forge/noarch/font-ttf-source-code-pro-2.038-h77eed37_0.tar.bz2#4d59c254e01d9cde7957100457e2d5fb
https://conda.anaconda.org/conda-forge/noarch/font-ttf-ubuntu-0.83-h77eed37_3.conda#49023d73832ef61042f6a237cb2687e7
https://conda.anaconda.org/conda-forge/noarch/sysroot_linux-64-2.39-hc4b9eeb_6.conda#bc073c887526f93b09b8ca490192790b
https://conda.anaconda.org/conda-forge/noarch/fonts-conda-forge-1-hc364b38_1.conda#a7970cd949a077b7cb9696379d338681
https://conda.anaconda.org/conda-forge/noarch/fonts-conda-ecosystem-1-0.tar.bz2#fee5683a3f04bd15cbd8318b096a27ab
https://conda.anaconda.org/conda-forge/linux-64/libglvnd-1.7.0-ha4b6fd6_5.conda#cfcf11edcfd4acf0094771a9c3b8587f
https://conda.anaconda.org/conda-forge/linux-64/libopentelemetry-cpp-headers-1.21.0-ha770c72_1.conda#9e298d76f543deb06eb0f3413675e13a
https://conda.anaconda.org/conda-forge/linux-64/libzlib-1.3.2-h25fd6f3_3.conda#0de0122d9570a8ab637c6b73db268389
https://conda.anaconda.org/conda-forge/linux-64/nlohmann_json-3.12.0-h54a6638_2.conda#fe93be7dd9209e6ae673962e3031ff51
https://conda.anaconda.org/conda-forge/linux-64/llvm-openmp-23.1.3-h7148c6a_0.conda#373b64bc33e184b56f4f168bd7c2b733
https://conda.anaconda.org/conda-forge/linux-64/libgomp-16.2.0-he0feb66_7.conda#d904c7ddd95e026254b4b80808ee9e12
https://conda.anaconda.org/conda-forge/linux-64/libopengl-1.7.0-ha4b6fd6_5.conda#d207a2e9bae9da476bc0a603215d5167
https://conda.anaconda.org/conda-forge/linux-64/zlib-1.3.2-h25fd6f3_3.conda#6acb86426229f96f93e5468d1df3a5e8
https://conda.anaconda.org/conda-forge/linux-64/zstd-1.5.7-hb78ec9c_7.conda#aa459086047c0e5e27023ab19f8cb86a
https://conda.anaconda.org/conda-forge/linux-64/_openmp_mutex-4.5-8_kmp_llvm.conda#b4d1b93dd1dab4eea23395fd5e5b357d
https://conda.anaconda.org/conda-forge/linux-64/libopengl-devel-1.7.0-ha4b6fd6_5.conda#1f14643f3050957c6c44618c5f72054b
https://conda.anaconda.org/conda-forge/linux-64/ld_impl_linux-64-2.46.1-default_hbd61a6d_102.conda#449500f2c089da11c40f5c21312e3e07
https://conda.anaconda.org/conda-forge/linux-64/libgcc-16.2.0-ha9f2e26_7.conda#735629b400b70eeab21a2ba8f5b1c2ce
https://conda.anaconda.org/conda-forge/linux-64/binutils_impl_linux-64-2.46.1-default_hfdba357_102.conda#a0c5e0b7f58c8ceeb08e5bc41251d5a2
https://conda.anaconda.org/conda-forge/linux-64/xorg-libxau-1.0.12-h7cc23a3_2.conda#da33efee1a93603d92e06d4a2b68def6
https://conda.anaconda.org/conda-forge/linux-64/xorg-libxdmcp-1.1.5-h7cc23a3_2.conda#eabfc45786244de252090cf8d55128a8
https://conda.anaconda.org/conda-forge/linux-64/yaml-0.2.5-hebe6cf0_3.conda#e741576fb8f89821ac7c1c537322a33d
https://conda.anaconda.org/conda-forge/linux-64/xorg-libice-1.1.2-h280c20c_0.conda#85c9442aec283b4e464fa9ecc484a2f3
https://conda.anaconda.org/conda-forge/linux-64/libev-4.33-h280c20c_3.conda#7bc31538d6e3fb349e897353969237ec
https://conda.anaconda.org/conda-forge/linux-64/fribidi-1.0.17-h7cc23a3_0.conda#f9d5302bca196ee87e62f393f2626562
https://conda.anaconda.org/conda-forge/linux-64/keyutils-1.6.3-h7cc23a3_1.conda#ba55d1b89fd7775e67de8291029b4059
https://conda.anaconda.org/conda-forge/linux-64/pthread-stubs-0.4-h7cc23a3_1004.conda#bb66b610707b811e3c65181a6431e7a8
https://conda.anaconda.org/conda-forge/linux-64/libbrotlicommon-1.2.0-h39a168f_4.conda#df210655e30a05e3b069c91b7aaddd2d
https://conda.anaconda.org/conda-forge/linux-64/libpng-1.6.59-h922cc85_0.conda#8c9caf742a485ac688ffa88bbadbf0be
https://conda.anaconda.org/conda-forge/linux-64/libiconv-1.18-h0cb94f2_3.conda#f92233bf33e24a25668bb2119e2c51f9
https://conda.anaconda.org/conda-forge/linux-64/libdeflate-1.25-hd45a770_1.conda#40f9b31aa9cf007789867df0decd0492
https://conda.anaconda.org/conda-forge/linux-64/libjpeg-turbo-3.2.0-hb03c661_1.conda#898d1c9793eaa52efc4727bd84d2e39a
https://conda.anaconda.org/conda-forge/linux-64/make-4.4.1-hb03c661_3.conda#b4a198dc40024de2a59c1343e4ae4144
https://conda.anaconda.org/conda-forge/linux-64/sed-4.10-h19d0853_0.conda#e4a1ff2e59a5d9b38be71d15c93cf1bd
https://conda.anaconda.org/conda-forge/linux-64/libnsl-2.0.1-hb9d3cd8_1.conda#d864d34357c3b65a4b731f78c0801dc4
https://conda.anaconda.org/conda-forge/linux-64/libffi-3.7.0-h81df57d_1.conda#6525a0b06aa4fd390795f0740636a9dd
https://conda.anaconda.org/conda-forge/linux-64/libsqlite-3.53.4-h0737f62_102.conda#59ec6dc9fa87a6687c00969d4dcfcd97
https://conda.anaconda.org/conda-forge/linux-64/ncurses-6.6-hdb14827_1.conda#ee6c0cd80a60961a1f48aa3e0b91f986
https://conda.anaconda.org/conda-forge/linux-64/tk-8.6.13-noxft_h1df4ec4_4.conda#676a2f9b1c4fcf57b70aa5c65f6c60d0
https://conda.anaconda.org/conda-forge/linux-64/liblzma-5.8.3-hb03c661_1.conda#1390b7c5ac0b1d8e447bc5efa6d3c8c2
https://conda.anaconda.org/conda-forge/linux-64/bzip2-1.0.8-hda65f42_10.conda#e675fabcf81499adc7edf58124fb1e01
https://conda.anaconda.org/conda-forge/linux-64/libwebp-base-1.6.0-hd42ef1d_1.conda#9332b53d0ea93c5d39e33be03a0c611a
https://conda.anaconda.org/conda-forge/linux-64/libuv-1.52.1-h280c20c_1.conda#01c4ed87826af55996768af6dbc936b4
https://conda.anaconda.org/conda-forge/linux-64/c-ares-1.34.8-hebe6cf0_2.conda#3ad2b403be8fc5612b9159e2ce621f69
https://conda.anaconda.org/conda-forge/linux-64/openssl-3.6.5-h781a0a9_0.conda#5a51a2ea653f120240b1a9bf76e0aae9
https://conda.anaconda.org/conda-forge/linux-64/libutf8proc-2.11.3-hfe17d71_0.conda#1247168fe4a0b8912e3336bccdbf98a5
https://conda.anaconda.org/conda-forge/linux-64/aws-c-common-0.12.6-hb03c661_0.conda#e36ad70a7e0b48f091ed6902f04c23b8
https://conda.anaconda.org/conda-forge/linux-64/libcap-2.78-h084b8d7_1.conda#5db514adf5f843126ff846d1510f22a4
https://conda.anaconda.org/conda-forge/linux-64/libgfortran5-16.2.0-h6b99dfc_7.conda#7719ed7be38ad8c492c4bd5cc2bce0c4
https://conda.anaconda.org/conda-forge/linux-64/libstdcxx-16.2.0-h934c35e_7.conda#9b6707e0caca917fa6ea9ee473f37a5d
https://conda.anaconda.org/conda-forge/linux-64/libgcc-ng-16.2.0-h69a702a_7.conda#2005515ac9340f816fb2ac7e83afe553
https://conda.anaconda.org/conda-forge/linux-64/tini-0.19.0-h280c20c_2.conda#98bc5001fe11d071ac3ae5cdcaf172d5
https://conda.anaconda.org/conda-forge/linux-64/libexpat-2.8.5-hd2095e1_0.conda#72cfd2b95b0540247220b42f58a148d7
https://conda.anaconda.org/conda-forge/linux-64/libuuid-2.42.4-hcfc3c73_0.conda#54a948337e66706380ff24d6b5fde63f
https://conda.anaconda.org/conda-forge/linux-64/libxcrypt-4.4.38-h280c20c_0.conda#f7a7ff5a6ab331e037abd34f379a631d
https://conda.anaconda.org/conda-forge/linux-64/binutils_linux-64-2.46.1-default_h4852527_102.conda#32fd07abe84eb14f17c7f5cc6fa8df82
https://conda.anaconda.org/conda-forge/linux-64/libxcb-1.17.0-hb83e432_2.conda#61f0ffba9161cbb3a77722869b21e4bb
https://conda.anaconda.org/conda-forge/linux-64/libbrotlidec-1.2.0-ha411449_4.conda#0cfd601eb03cca403dcc248844787486
https://conda.anaconda.org/conda-forge/linux-64/libbrotlienc-1.2.0-h018ffa1_4.conda#4136f6e4ef4835cc7df39a707cbd511c
https://conda.anaconda.org/conda-forge/linux-64/libfreetype6-2.14.3-h5e6c136_2.conda#b72a266a9317036fd0464cb98b027cd0
https://conda.anaconda.org/conda-forge/linux-64/libedit-3.1.20260512-pl5321h373387f_0.conda#27dbd7e2984b8fe48e069379636ccfdd
https://conda.anaconda.org/conda-forge/linux-64/readline-8.3-hd6e31c0_1.conda#69c01c781e7c8190bbdaf79e3848c5ca
https://conda.anaconda.org/conda-forge/linux-64/bwidget-1.10.1-hfc2019e_3.conda#38d3e0382f3f10344ac30772dec58035
https://conda.anaconda.org/conda-forge/linux-64/pcre2-10.47-h8b3dc9c_1.conda#06f6113cf1ff4a54b65f87ead132a5f1
https://conda.anaconda.org/conda-forge/linux-64/s2n-1.6.2-he8a4886_1.conda#bade189a194e66b93c03021bd36c337b
https://conda.anaconda.org/conda-forge/linux-64/libevent-2.1.12-h5348a74_2.conda#2e699c6e151045b2cfea34b53ed69439
https://conda.anaconda.org/conda-forge/linux-64/libssh2-1.11.1-h6154650_1.conda#5c526561e1d2a2e071941174eae84557
https://conda.anaconda.org/conda-forge/linux-64/aws-c-compression-0.3.1-h8b1a151_9.conda#f7ec84186dfe7a9e3a9f9e5a4d023e75
https://conda.anaconda.org/conda-forge/linux-64/aws-checksums-0.2.7-h8b1a151_5.conda#68da5b56dde41e172b7b24f071c4b392
https://conda.anaconda.org/conda-forge/linux-64/aws-c-sdkutils-0.2.4-h8b1a151_4.conda#c7e3e08b7b1b285524ab9d74162ce40b
https://conda.anaconda.org/conda-forge/linux-64/aws-c-cal-0.9.13-h2c9d079_1.conda#3c3d02681058c3d206b562b2e3bc337f
https://conda.anaconda.org/conda-forge/linux-64/bubblewrap-0.13.0-haf0a511_0.conda#7fe20cd480f85648fe4f64802b66e3d4
https://conda.anaconda.org/conda-forge/linux-64/libgfortran-16.2.0-h69a702a_7.conda#3a8d285f5f22138ef826ad54cf267e73
https://conda.anaconda.org/conda-forge/linux-64/geos-3.14.1-h55b0958_0.conda#5f856b72ca9cd5b5b4a1c43551804622
https://conda.anaconda.org/conda-forge/linux-64/graphite2-1.3.15-h54a6638_1.conda#f9fe2984587fa8235a6af6004760cd18
https://conda.anaconda.org/conda-forge/linux-64/zlib-ng-2.3.3-hce19668_1.conda#1726acec19beeed1c764385cd8622405
https://conda.anaconda.org/conda-forge/linux-64/icu-78.3-py310h44b86e0_2.conda#72a381cbad04f24b1c2a43ef707f45b4
https://conda.anaconda.org/conda-forge/linux-64/gmp-6.3.0-hfd2156b_3.conda#576e32739f323438bf69ab006c21be7b
https://conda.anaconda.org/conda-forge/linux-64/pixman-0.46.4-h54a6638_3.conda#0ee5bb30034b081a1386c1e2c98ab0a7
https://conda.anaconda.org/conda-forge/linux-64/gflags-2.3.1-h54a6638_0.conda#04be12e7dd050aaf364ece2393988e85
https://conda.anaconda.org/conda-forge/linux-64/libsanitizer-16.2.0-h3048135_7.conda#9cdd9af432fa4eb62094aaf6211425bf
https://conda.anaconda.org/conda-forge/linux-64/libnghttp2-1.68.1-h74cf4be_1.conda#75d211f04ac87506f1f43420712a69fe
https://conda.anaconda.org/conda-forge/linux-64/lerc-4.2.0-hdb68285_0.conda#fb9d356b1a57d6d54768be7ebd5fce09
https://conda.anaconda.org/conda-forge/linux-64/libaec-1.1.5-h088129d_0.conda#86f7414544ae606282352fa1e116b41f
https://conda.anaconda.org/conda-forge/linux-64/capnproto-1.3.0-h791c776_1.conda#c6ffbe272726693f7b833e10aafcc129
https://conda.anaconda.org/conda-forge/linux-64/sleef-3.9.0-ha0421bc_0.conda#e8a0b4f5e82ecacffaa5e805020473cb
https://conda.anaconda.org/conda-forge/linux-64/fmt-12.1.0-h76c4fd7_1.conda#a70bb6d42ad121aef456e0007e92bed6
https://conda.anaconda.org/conda-forge/linux-64/snappy-1.2.2-h34e00bb_2.conda#2b7e31ffbd476eecf33b3b833692339c
https://conda.anaconda.org/conda-forge/linux-64/lz4-c-1.10.0-hee9eb32_2.conda#e38a3253d72ab07d471483f24947e2a2
https://conda.anaconda.org/conda-forge/linux-64/libstdcxx-ng-16.2.0-hdf11a46_7.conda#25a23bde5e26d548374f3e02b4669670
https://conda.anaconda.org/conda-forge/linux-64/libabseil-20250512.1-cxx17_hba17884_0.conda#83b160d4da3e1e847bf044997621ed63
https://conda.anaconda.org/conda-forge/linux-64/libpython-3.11.17-h0c77377_1_cpython.conda#96da685309a5aa6d57b96d5528461129
https://conda.anaconda.org/conda-forge/linux-64/xorg-libsm-1.2.6-h0d788c3_1.conda#aa7459ed9ad086ba11dda843d764b33d
https://conda.anaconda.org/conda-forge/linux-64/xorg-libx11-1.8.13-he1eb515_1.conda#8c282bbe4808a3cc80a5c98e9aec1cfc
https://conda.anaconda.org/conda-forge/linux-64/brotli-bin-1.2.0-h9908984_4.conda#c48c09444f3736800ea0b9550c365baf
https://conda.anaconda.org/conda-forge/linux-64/libfreetype-2.14.3-ha770c72_2.conda#f8054e759d0ddddaf34a5c8fedc900a1
https://conda.anaconda.org/conda-forge/linux-64/krb5-1.22.2-hbc21106_2.conda#53318d715316929a574f83591308b1f8
https://conda.anaconda.org/conda-forge/linux-64/libglib-2.90.0-h569388d_0.conda#c85e9539551f1fd21104e518d940c244
https://conda.anaconda.org/conda-forge/linux-64/libthrift-0.22.0-h7d032f7_2.conda#b6e326fbe1e3948da50ec29cee0380db
https://conda.anaconda.org/conda-forge/linux-64/aws-c-io-0.23.3-hdaf4b65_5.conda#132e8f8f40f0ffc0bbde12bb4e8dd1a1
https://conda.anaconda.org/conda-forge/linux-64/libgfortran-ng-16.2.0-h69a702a_7.conda#a31f744c0c83d31dacf9c01b2e3c12a2
https://conda.anaconda.org/conda-forge/linux-64/libopenblas-0.3.34-pthreads_hf13c14d_2.conda#7e19fcd73d7f0997d3cb3326d2586a86
https://conda.anaconda.org/conda-forge/linux-64/libxml2-16-2.15.4-hf3af7cc_1.conda#046d9eada488e1a1657c80b55c23da52
https://conda.anaconda.org/conda-forge/linux-64/libpsl-0.23.1-hd9e3e90_1.conda#77be60417aa572afcb48cbe0f967401d
https://conda.anaconda.org/conda-forge/linux-64/mpfr-4.2.2-ha2cb11d_1.conda#7dcc10f6c0bc3596d5519a710a84dfd4
https://conda.anaconda.org/conda-forge/linux-64/glog-0.7.1-hb7133d2_1.conda#6941f96b8a8056677d79b4f5a2c4aaca
https://conda.anaconda.org/conda-forge/linux-64/gcc_impl_linux-64-16.2.0-h9891192_7.conda#f548b09900fed2701931f8cf925d8b9b
https://conda.anaconda.org/conda-forge/linux-64/libtiff-4.7.2-hcc2c06a_1.conda#0907d876f460ebc941ae590338b6102f
https://conda.anaconda.org/conda-forge/linux-64/spdlog-1.17.0-hb6aa676_2.conda#5e32ceeb7b9514ce4730565052829dbd
https://conda.anaconda.org/conda-forge/linux-64/c-blosc2-2.23.1-hc31b594_0.conda#68ceffc6cadae61846a207cae60de094
https://conda.anaconda.org/conda-forge/linux-64/qhull-2020.2-h434a139_5.conda#353823361b1d27eb3960efb076dfcaf6
https://conda.anaconda.org/conda-forge/linux-64/libcrc32c-1.1.2-h9c3ff4c_0.tar.bz2#c965a5aa0d5c1c37ffc62dff36e28400
https://conda.anaconda.org/conda-forge/linux-64/libre2-11-2025.11.05-h7b12aa8_0.conda#a30848ebf39327ea078cf26d114cff53
https://conda.anaconda.org/conda-forge/linux-64/libprotobuf-6.31.1-hfb7daa7_5.conda#da31d891434e50d7e7be8adc5832269b
https://conda.anaconda.org/conda-forge/linux-64/python-3.11.17-h5f976f7_1_cpython.conda#1e46b899831e9224d6edf13ea693b314
https://conda.anaconda.org/conda-forge/linux-64/xorg-libxrender-0.9.12-hb03c661_1.conda#e470d224a7a5be1b1d021bded7abb536
https://conda.anaconda.org/conda-forge/linux-64/xorg-libxext-1.3.7-h7cc23a3_1.conda#e5b6b28536b81b3f4cb20db4668a4642
https://conda.anaconda.org/conda-forge/linux-64/xorg-libxt-1.3.1-h7cc23a3_1.conda#2121765de9c261e2a95ab9fc6efabefb
https://conda.anaconda.org/conda-forge/linux-64/tktable-2.10-h0eb2ad0_11.conda#25d73f1e53349312f316ad82b78b5a7f
https://conda.anaconda.org/conda-forge/linux-64/brotli-1.2.0-h505cf86_4.conda#746aa619a1bcaf4da541101179d7c60e
https://conda.anaconda.org/conda-forge/linux-64/fontconfig-2.18.3-h4db4eae_1.conda#922776b528a470ab5afa81fd42abfa1d
https://conda.anaconda.org/conda-forge/linux-64/freetype-2.14.3-ha770c72_2.conda#2d0ea23b23603e07ca47f23f949f67b6
https://conda.anaconda.org/conda-forge/linux-64/aws-c-http-0.10.7-ha8fc4e3_5.conda#3028f20dacafc00b22b88b324c8956cc
https://conda.anaconda.org/conda-forge/linux-64/aws-c-event-stream-0.5.7-h28f887f_1.conda#7b8e3f846353b75db163ad93248e5f9d
https://conda.anaconda.org/conda-forge/linux-64/libblas-3.11.0-11_h4a7cf45_openblas.conda#b8cce1486f3c62f33291d6318c193d0d
https://conda.anaconda.org/conda-forge/linux-64/libxml2-2.15.4-h7df9aa5_1.conda#51e5162f95bd6840f6b2b3169125fff5
https://conda.anaconda.org/conda-forge/linux-64/libcurl-8.22.0-ha042cf0_0.conda#e617deee7af8eb0c04f6296d12b54157
https://conda.anaconda.org/conda-forge/linux-64/mpc-1.4.0-ha2cb11d_1.conda#f0f6c8691a9ed4099d1f287a444e251a
https://conda.anaconda.org/conda-forge/linux-64/gxx_impl_linux-64-16.2.0-h0d273dc_7.conda#ea011fbfe6ce5b3a74a8e34fc9c8481a
https://conda.anaconda.org/conda-forge/linux-64/gcc_linux-64-16.2.0-h0ab548f_2.conda#3928593d74a0b17f84fba5977cb7023d
https://conda.anaconda.org/conda-forge/linux-64/gfortran_impl_linux-64-16.2.0-hf930d89_7.conda#b8fa9e9457b9e75f2bf85ad8017fa1d7
https://conda.anaconda.org/conda-forge/linux-64/openjpeg-2.5.4-heb1ab33_2.conda#a3f3ac7a68d01c198e276dbb99e62032
https://conda.anaconda.org/conda-forge/linux-64/lcms2-2.19.1-h9073bf1_3.conda#596464faa06e0b656b35416188ef9bba
https://conda.anaconda.org/conda-forge/linux-64/re2-2025.11.05-h5301d42_0.conda#0227d04521bc3d28c7995c7e1f99a721
https://conda.anaconda.org/conda-forge/linux-64/orc-2.2.2-h19cb568_0.conda#a98b8d7cfdd20004f1bdd1a51cb22c58
https://conda.anaconda.org/conda-forge/linux-64/markupsafe-3.0.4-py311h92159aa_0.conda#65aa6d5afeef6c2a7eca98c5936dd235
https://conda.anaconda.org/conda-forge/linux-64/backports.zstd-1.7.0-py311h6f959d0_1.conda#30f9861fbea080176375281b31055fc0
https://conda.anaconda.org/conda-forge/linux-64/wrapt-2.5.0-py311h194be0f_0.conda#3ff574221be3c837d86aad0e078de415
https://conda.anaconda.org/conda-forge/linux-64/pyyaml-6.0.3-py311h3778330_1.conda#a24add9a3bababee946f3bc1c829acfe
https://conda.anaconda.org/conda-forge/linux-64/brotli-python-1.2.0-py311heb3be6f_4.conda#7f5e2b7716d10c9a762ee94112143ca8
https://conda.anaconda.org/conda-forge/linux-64/unicodedata2-18.0.0-py311h0d48ccd_0.conda#b3c135d87baf528b7263c06452926ff0
https://conda.anaconda.org/conda-forge/linux-64/propcache-0.5.4-py311h92159aa_0.conda#49c8e966ccfff0af68c2d2118bc31988
https://conda.anaconda.org/conda-forge/linux-64/frozenlist-1.8.0-py311h52bc045_0.conda#6f0bb7a70fe713df47cabcc72bfbcd8e
https://conda.anaconda.org/conda-forge/linux-64/multidict-6.7.1-py311h3778330_0.conda#657ac3fca589a3da15a287868a146524
https://conda.anaconda.org/conda-forge/linux-64/kiwisolver-1.5.1-py311h4c6fd42_3.conda#257543ed82a917c48d01a16610d79a61
https://conda.anaconda.org/conda-forge/linux-64/msgpack-python-1.2.3-py311h4c6fd42_0.conda#ebbe58997393ca83233b207a57758c16
https://conda.anaconda.org/conda-forge/linux-64/rpds-py-2026.9.1-py311ha6e1976_0.conda#e0d3453033d1012ab52b977f80ad0cd3
https://conda.anaconda.org/conda-forge/linux-64/google-crc32c-1.8.0-py311h59bccc5_2.conda#f1ee5909a17da6578a37f34f77e93010
https://conda.anaconda.org/conda-forge/linux-64/fastobo-0.13.0-py311h687327b_2.conda#b2197188acc1860a5c7334fa05da8ff8
https://conda.anaconda.org/conda-forge/linux-64/llvmlite-0.50.0-py311h1369f55_0.conda#1f91754219d11237bfbd6a1b550633e8
https://conda.anaconda.org/conda-forge/linux-64/cairo-1.18.6-h3c89d7e_0.conda#7920701f9abcb488411495742cf365a7
https://conda.anaconda.org/conda-forge/linux-64/aws-c-mqtt-0.13.3-hc63082f_11.conda#6a653aefdc5d83a4f959869d1759e6e3
https://conda.anaconda.org/conda-forge/linux-64/aws-c-auth-0.9.3-hef928c7_0.conda#bdd464b33f6540ed70845b946c11a7b8
https://conda.anaconda.org/conda-forge/linux-64/libcblas-3.11.0-11_h0358290_openblas.conda#73a248c30811075059b5aeda766c2624
https://conda.anaconda.org/conda-forge/linux-64/liblapack-3.11.0-11_h47877c9_openblas.conda#5622a13917855ce4b953b9e655cf9262
https://conda.anaconda.org/conda-forge/linux-64/libhwloc-2.15.0-default_hd7c4d0c_1001.conda#66c755b3bd9ec82308fa6ec7674f473f
https://conda.anaconda.org/conda-forge/linux-64/hdf5-1.14.6-nompi_h19486de_110.conda#9c6e11a83468e1d5decae516077a73fb
https://conda.anaconda.org/conda-forge/linux-64/prometheus-cpp-1.3.0-h26ae035_1.conda#dded2177cb0602c33ef3fe6b08acf4dc
https://conda.anaconda.org/conda-forge/linux-64/curl-8.22.0-ha042cf0_0.conda#399a7c0b7ca511de34c5ee5762cee149
https://conda.anaconda.org/conda-forge/linux-64/azure-core-cpp-1.16.2-h206d751_0.conda#5492abf806c45298ae642831c670bba0
https://conda.anaconda.org/conda-forge/linux-64/gmpy2-2.3.2-py311hbc40be8_0.conda#3666445fa6ad3a9e8b5ecba31b9767aa
https://conda.anaconda.org/conda-forge/linux-64/gxx_linux-64-16.2.0-h23aca61_2.conda#38b21695fc42aa9bf6d4883e45a80fd9
https://conda.anaconda.org/conda-forge/linux-64/pillow-12.1.0-py311hf88fc01_0.conda#ce51a1258d127e1c72bad676235b9d6c
https://conda.anaconda.org/conda-forge/linux-64/libgrpc-1.73.1-h3288cfb_1.conda#ff63bb12ac31c176ff257e3289f20770
https://conda.anaconda.org/conda-forge/linux-64/libharfbuzz-14.6.0-h23af247_1.conda#bd7ae146a629d6c17e4be9365d4ec811
https://conda.anaconda.org/conda-forge/linux-64/aws-c-s3-0.11.3-h06ab39a_1.conda#3689a4290319587e3b54a4f9e68f70c8
https://conda.anaconda.org/conda-forge/linux-64/gsl-2.7-he838d99_0.tar.bz2#fec079ba39c9cca093bf4c00001825de
https://conda.anaconda.org/conda-forge/linux-64/libtorch-2.7.1-cpu_generic_h1322af4_3.conda#214c9cd1101a6671c1884b30ba7b2283
https://conda.anaconda.org/conda-forge/linux-64/numpy-1.26.3-py311h64a7726_0.conda#231eef4f33640338f64ef9ab690ba08d
https://conda.anaconda.org/conda-forge/linux-64/tbb-2023.1.0-haa8c3ee_2.conda#f805909f478c179e230baf7bd5878e26
https://conda.anaconda.org/conda-forge/linux-64/azure-identity-cpp-1.13.3-hed0cdb0_1.conda#68bfb556bdf56d56e9f38da696e752ca
https://conda.anaconda.org/conda-forge/linux-64/azure-storage-common-cpp-12.12.0-ha7a2c86_1.conda#6400f73fe5ebe19fe7aca3616f1f1de7
https://conda.anaconda.org/conda-forge/linux-64/libopentelemetry-cpp-1.21.0-hb9b0907_1.conda#1c0320794855f457dea27d35c4c71e23
https://conda.anaconda.org/conda-forge/linux-64/libgoogle-cloud-2.39.0-hdb79228_0.conda#a2e30ccd49f753fd30de0d30b1569789
https://conda.anaconda.org/conda-forge/linux-64/pango-1.58.2-h7bb47b9_1.conda#0b889b1c6b472d215d6332c6b195589c
https://conda.anaconda.org/conda-forge/linux-64/aws-crt-cpp-0.35.4-h8824e59_0.conda#113b9d9913280474c0868b0e290c0326
https://conda.anaconda.org/conda-forge/linux-64/shapely-2.2.0-np2py311h93c3611_2.conda#aa26e60fdb6379dd8dd773a76acfd3f6
https://conda.anaconda.org/conda-forge/linux-64/contourpy-1.3.3-py311h724c32c_4.conda#d04e508f5a03162c8bab4586a65d00bf
https://conda.anaconda.org/conda-forge/linux-64/nlopt-2.11.0-np2py311h1a37cdc_2.conda#d007e0bfca39bfd63fb73774a7319947
https://conda.anaconda.org/conda-forge/linux-64/numba-0.68.0-py311hdfc3925_1.conda#edfd86a5959cfd13c084dcf4c5022758
https://conda.anaconda.org/conda-forge/linux-64/biopython-1.88-py311h0d48ccd_1.conda#a1a589904e5b8e31f6fb123bc2b83f33
https://conda.anaconda.org/conda-forge/linux-64/scipy-1.12.0-py311h64a7726_2.conda#24ca5107ab75c5521067b8ba505dfae5
https://conda.anaconda.org/conda-forge/linux-64/azure-storage-blobs-cpp-12.16.0-hdd73cc9_1.conda#939d9ce324e51961c7c4c0046733dbb7
https://conda.anaconda.org/conda-forge/linux-64/libgoogle-cloud-storage-2.39.0-hdbdcf42_0.conda#bd21962ff8a9d1ce4720d42a35a4af40
https://conda.anaconda.org/conda-forge/linux-64/r-base-4.4.3-h502d0c9_11.conda#fd9decaa93b00284232c91e7990fa842
https://conda.anaconda.org/conda-forge/linux-64/aws-sdk-cpp-1.11.606-h20b40b1_10.conda#937d1d4c233adc6eeb2ac3d6e9a73e53
https://conda.anaconda.org/conda-forge/linux-64/azure-storage-files-datalake-cpp-12.14.0-h52c5a47_1.conda#6d10339800840562b7dad7775f5d2c16
https://conda.anaconda.org/conda-forge/linux-64/r-jsonlite-2.0.0-r44h54b55ab_1.conda#26de9e385370e6bf7d0ca13a3e630d7f
https://conda.anaconda.org/conda-forge/linux-64/r-curl-8.0.0-r44h444973c_0.conda#bb0c2c7b51c2a31094c685440b1955ec
https://conda.anaconda.org/conda-forge/linux-64/r-quadprog-1.5_8-r44ha0a88a1_7.conda#8c7c2b5421c37596fd61dcd6d906257c
https://conda.anaconda.org/conda-forge/linux-64/r-utf8-1.2.6-r44h54b55ab_1.conda#c7bce6987e0f5aaf9bdf5296dd3693c4
https://conda.anaconda.org/conda-forge/linux-64/r-fracdiff-1.5_4-r44h7b2432b_0.conda#c148eccd243e3d4bab215aa8ad0397ed
https://conda.anaconda.org/conda-forge/linux-64/r-colorspace-2.1_3-r44h54b55ab_0.conda#c163d0ec145b9291fc76251c111bdf6b
https://conda.anaconda.org/conda-forge/linux-64/r-fansi-1.0.7-r44h54b55ab_0.conda#cb8edd5978ccf005e53ae370ae1b15d0
https://conda.anaconda.org/conda-forge/linux-64/r-microbenchmark-1.5.0-r44h54b55ab_1.conda#2621627cf178a8dccf9d5f638a85c32f
https://conda.anaconda.org/conda-forge/linux-64/r-rbibutils-2.4.1-r44h54b55ab_1.conda#a223cb9b2dd8166c855c84682dc29b10
https://conda.anaconda.org/conda-forge/linux-64/r-stringi-1.8.9-r44h3d52c89_0.conda#0d29b89737a139bd92d2c7e5270fb90d
https://conda.anaconda.org/conda-forge/linux-64/r-magrittr-2.0.5-r44h54b55ab_0.conda#6ff0837b78eb1c0d443eab95c7255089
https://conda.anaconda.org/conda-forge/linux-64/r-farver-2.1.2-r44h3697838_2.conda#830031b95e37195f00524cabc98adba4
https://conda.anaconda.org/conda-forge/linux-64/r-backports-1.5.1-r44h54b55ab_0.conda#b1ea75cb5765952560556acbcb743401
https://conda.anaconda.org/conda-forge/linux-64/r-lattice-0.23_1-r44hddc5280_0.conda#e1806a98d488934aecc663e1ca60b5fc
https://conda.anaconda.org/conda-forge/linux-64/r-rcpp-1.1.2-r44h3697838_0.conda#396ccb81d4f4506a8f0cc37c115ac2c0
https://conda.anaconda.org/conda-forge/linux-64/r-nloptr-2.2.1-r44h4d0e4a9_2.conda#09592861717db0eb12cbd90ad95d2d76
https://conda.anaconda.org/conda-forge/linux-64/r-s7-0.2.2-r44h54b55ab_0.conda#bf56b6c392ae730a2328840d83f00f47
https://conda.anaconda.org/conda-forge/linux-64/r-rlang-1.3.0-r44h3697838_0.conda#25ac627a5d249fc98a71ecae2fad0978
https://conda.anaconda.org/conda-forge/linux-64/r-glue-1.8.1-r44h54b55ab_0.conda#b89f52d1c0cab3a259ef35834eb0a0d9
https://conda.anaconda.org/conda-forge/linux-64/r-cli-3.6.6-r44h3697838_0.conda#13cca7c3f7d182bf222f3c70303c91be
https://conda.anaconda.org/conda-forge/linux-64/r-mass-7.3_66-r44h54b55ab_0.conda#4317cc9b7592349d5142402c6cc01d4d
https://conda.anaconda.org/conda-forge/linux-64/libarrow-20.0.0-h8dce4c5_34_cpu.conda#d327d0714d0d10f12e4e3f8b779d6ff0
https://conda.anaconda.org/conda-forge/linux-64/tiledb-2.30.0-h0ae08fb_6.conda#d7ecc9489b4fb099ea6457bc85b946af
https://conda.anaconda.org/conda-forge/linux-64/r-zoo-1.9_0-r44h54b55ab_0.conda#a2e45e1d54107dff2e15b86b843027f0
https://conda.anaconda.org/conda-forge/linux-64/r-nlme-3.1_170-r44heaba542_0.conda#91449bedd9f5e677b4f26c98db320794
https://conda.anaconda.org/conda-forge/linux-64/r-matrix-1.7_4-r44h0e4624f_1.conda#bdb8960fd8da7fe82ea3c729ffe29937
https://conda.anaconda.org/conda-forge/linux-64/r-rcpparmadillo-15.6.0_1-r44h1fcd065_0.conda#686c30190d1bba5a7cc55c9dc745646e
https://conda.anaconda.org/conda-forge/linux-64/r-minqa-1.2.8-r44ha36cffa_2.conda#cff29099a89e0d0cf1a3e96ce8822b42
https://conda.anaconda.org/conda-forge/linux-64/r-ellipsis-0.3.3-r44h54b55ab_0.conda#309df67a7a2f04427edfed0c88732fd4
https://conda.anaconda.org/conda-forge/linux-64/r-nnet-7.3_21-r44hddc5280_0.conda#4884c21b84a859d4f88c47004156b0c1
https://conda.anaconda.org/conda-forge/linux-64/libarrow-acero-20.0.0-h635bf11_34_cpu.conda#bf6870d74cfae82a2ffd1f11dc9c0a8e
https://conda.anaconda.org/conda-forge/linux-64/libparquet-20.0.0-h7376487_34_cpu.conda#81e5a8c330cc31060d455c70f511e6a4
https://conda.anaconda.org/conda-forge/linux-64/pyarrow-core-20.0.0-py311h342b5a4_2_cpu.conda#bbcfce64c846a2331513a7b26657f145
https://conda.anaconda.org/conda-forge/linux-64/libtiledbsoma-2.3.0-hdb1a1ec_0.conda#5bf87e498053b8914d85a0bdaefce43c
https://conda.anaconda.org/conda-forge/linux-64/r-xts-0.14.3-r44hddc5280_0.conda#126f7e3c34e6d516aa8f40a584d42402
https://conda.anaconda.org/conda-forge/linux-64/r-lmtest-0.9_40-r44heaba542_4.conda#45839e258b480a8774ff831c366a48d2
https://conda.anaconda.org/conda-forge/linux-64/r-urca-1.3_4-r44heaba542_2.conda#c93c5c413fa5a5f5d36d04ac54e1d3b0
https://conda.anaconda.org/conda-forge/linux-64/r-rcppeigen-0.3.4.0.2-r44h3704496_1.conda#52a1830d3f7f5673e1b60dd0879f8f32
https://conda.anaconda.org/conda-forge/linux-64/r-mgcv-1.9_4-r44h0e4624f_0.conda#aefbc031d18739a5b091eaa598b6e59b
https://conda.anaconda.org/conda-forge/linux-64/libarrow-dataset-20.0.0-h635bf11_34_cpu.conda#e5936c7fc1b9577850294b0851149cc0
https://conda.anaconda.org/conda-forge/linux-64/r-ttr-0.24.4-r44h54b55ab_2.conda#59e1d3749813082756adb1929c109e35
https://conda.anaconda.org/conda-forge/linux-64/r-tmb-1.9.19-r44h3704496_0.conda#7f6fc7c53c69fc0949a495fd1cb08c57
https://conda.anaconda.org/conda-forge/linux-64/libarrow-substrait-20.0.0-h3f74fd7_34_cpu.conda#7771f1ce3a4c7a51e497dc890f952876
https://conda.anaconda.org/conda-forge/linux-64/pyarrow-20.0.0-py311h38be061_2.conda#9f452ba52c414d2b53cf936e4a9a95a8
https://conda.anaconda.org/conda-forge/noarch/pybind11-global-3.1.0-pyh648e204_0.conda#534548c7e6102ae9a408957380937b52
https://conda.anaconda.org/conda-forge/noarch/pycparser-3.1-pyh5ded981_0.conda#89d0674f0f7f25fa386dec8185b2e958
https://conda.anaconda.org/conda-forge/noarch/jmespath-1.1.0-pyhcf101f3_1.conda#cc73a9bd315659dc5307a5270f44786f
https://conda.anaconda.org/conda-forge/noarch/pysocks-1.7.1-pyha55dd90_7.conda#461219d1a5bd61342293efa2c0c90eac
https://conda.anaconda.org/conda-forge/noarch/hpack-4.2.0-pyhd8ed1ab_0.conda#b395909221b9bd1df066e5930e18855b
https://conda.anaconda.org/conda-forge/noarch/hyperframe-6.1.0-pyhd8ed1ab_0.conda#8e6923fc12f1fe8f8c4e5c9f343256ac
https://conda.anaconda.org/conda-forge/noarch/mpmath-1.4.1-pyhd8ed1ab_0.conda#2e81b32b805f406d23ba61938a184081
https://conda.anaconda.org/conda-forge/noarch/cloudpickle-3.1.2-pyhcf101f3_1.conda#61b8078a0905b12529abc622406cb62c
https://conda.anaconda.org/conda-forge/noarch/munkres-1.1.4-pyhd8ed1ab_1.conda#37293a85a0f4f77bbd9cf7aaefc62609
https://conda.anaconda.org/conda-forge/noarch/cached_property-2.0.1-pyhcf101f3_0.conda#256d863ded0f79464391a075944d24a6
https://conda.anaconda.org/conda-forge/noarch/aiohappyeyeballs-2.7.1-pyhd8ed1ab_0.conda#e51e09bf3b91c62b7461a9f94e92c2c9
https://conda.anaconda.org/conda-forge/noarch/cycler-0.12.1-pyhcf101f3_2.conda#4c2a8fef270f6c69591889b93f9f55c1
https://conda.anaconda.org/conda-forge/noarch/pyparsing-3.3.3-pyh5ded981_0.conda#8bf43ae1312e9b966063459e04c20fa7
https://conda.anaconda.org/conda-forge/noarch/tzlocal-5.4.4-pyh8f84b5b_0.conda#cbd15812c946aecc2d9479318aca450f
https://conda.anaconda.org/conda-forge/noarch/cpython-3.11.17-py311hd8ed1ab_1.conda#f07f75fcd3fcb64c66417930e3f4010d
https://conda.anaconda.org/conda-forge/noarch/filelock-4.0.12-pyhd8ed1ab_0.conda#d6556b2fef359c26b25ff003af9ae2c1
https://conda.anaconda.org/conda-forge/noarch/pytz-2026.5-pyh5ded981_0.conda#c5e97ff094d2214da824ccc08ebc5499
https://conda.anaconda.org/conda-forge/noarch/python-tzdata-2026.5-pyh5ded981_0.conda#4a0ae2a06b469e6f8ca95d0655e31c86
https://conda.anaconda.org/conda-forge/noarch/more-itertools-11.1.0-pyhcf101f3_0.conda#0e694257dbf916540b749c3ffc808efe
https://conda.anaconda.org/conda-forge/noarch/threadpoolctl-3.7.0-pyhc455866_0.conda#8c05910e780502e362d658f00f5ec10f
https://conda.anaconda.org/conda-forge/noarch/setuptools-84.0.0-pyh332efcf_0.conda#62ac906f1cd582c6c264c95625cb9d6f
https://conda.anaconda.org/conda-forge/noarch/attrs-26.1.0-pyhcf101f3_0.conda#c6b0543676ecb1fb2d7643941fe375f2
https://conda.anaconda.org/conda-forge/noarch/click-8.5.0-pyh5ded981_0.conda#dea5b13a211bbf99876deb980b408a66
https://conda.anaconda.org/conda-forge/noarch/idna-3.20-pyh5ded981_0.conda#ee73be987f9de9ea5c2fdaeefa7b6491
https://conda.anaconda.org/conda-forge/noarch/certifi-2026.7.22-pyhd8ed1ab_0.conda#37e13edbe3b48f1095a9d085ef9cd83b
https://conda.anaconda.org/conda-forge/noarch/six-1.17.0-pyhe01879c_1.conda#3339e3b65d58accf4ca4fb8748ab16b3
https://conda.anaconda.org/conda-forge/noarch/chardet-5.2.0-pyhd8ed1ab_3.conda#56bfd153e523d9b9d05e4cf3c1cfe01c
https://conda.anaconda.org/conda-forge/noarch/fsspec-2026.9.0-pyhd8ed1ab_0.conda#42de5cd170647599a84f468a42fabb89
https://conda.anaconda.org/conda-forge/noarch/session-info2-0.4.1-pyhd8ed1ab_0.conda#2a1db59ddac1d3f935c01faa66166ff3
https://conda.anaconda.org/conda-forge/noarch/networkx-3.6.1-pyhcf101f3_0.conda#a2c1eeadae7a309daed9d62c96012a2b
https://conda.anaconda.org/conda-forge/noarch/tqdm-4.70.1-pyhfa0c392_0.conda#ffc91f29264eeb8d3ba96fdc897316c3
https://conda.anaconda.org/conda-forge/noarch/typing_extensions-4.16.0-pyhcf101f3_0.conda#c70ad746c22219b9700931707482992c
https://conda.anaconda.org/conda-forge/noarch/legacy-api-wrap-1.5-pyhd8ed1ab_0.conda#0f67063cc1769bcb0e4e5ecbca22f8b6
https://conda.anaconda.org/conda-forge/noarch/array-api-compat-1.15.0-pyhc364b38_0.conda#c316aba22bb6b6f1e1cacc609c007973
https://conda.anaconda.org/conda-forge/noarch/natsort-8.4.0-pyhcf101f3_2.conda#e941e85e273121222580723010bd4fa2
https://conda.anaconda.org/conda-forge/noarch/packaging-26.3-pyhc364b38_0.conda#936687ed80f295a1f5dbcf8bd34c252c
https://conda.anaconda.org/conda-forge/noarch/pyopengl-3.1.10-pyha804496_2.conda#cce156023226a62044a8112bebf3d5e1
https://conda.anaconda.org/conda-forge/noarch/jinja2-3.1.6-pyhcf101f3_1.conda#04558c96691bed63104678757beb4f8d
https://conda.anaconda.org/conda-forge/noarch/deprecated-1.3.1-pyhd8ed1ab_1.conda#5498feb783ab29db6ca8845f68fa0f03
https://conda.anaconda.org/conda-forge/noarch/donfig-0.8.1.post1-pyhd8ed1ab_1.conda#c56a7fa5597ad78b62e1f5d21f7f8b8f
https://conda.anaconda.org/conda-forge/noarch/numpy_groupies-0.12.3-pyh5ded981_0.conda#9c5d9cf2d94bc9300ce6796baf1764cd
https://conda.anaconda.org/conda-forge/noarch/r-crayon-1.5.3-r44hc72bb7e_2.conda#2b72da5cca65460ba6ac1f81b4ff72cc
https://conda.anaconda.org/conda-forge/noarch/r-timedate-4052.112-r44hc72bb7e_0.conda#d924f740261f1ecab8b84753ad49bf26
https://conda.anaconda.org/conda-forge/noarch/r-pkgconfig-2.0.3-r44hc72bb7e_5.conda#bdc0f46c7111e1d4f7eb7133374b47b7
https://conda.anaconda.org/conda-forge/noarch/r-deriv-4.2.0-r44hc72bb7e_1.conda#8074a3f91317e5f735c3d4e3719dba62
https://conda.anaconda.org/conda-forge/noarch/r-gbrd-0.4.12-r44hc72bb7e_2.conda#2616f52dd4c2bd81507f694e0d292ca5
https://conda.anaconda.org/conda-forge/noarch/r-labeling-0.4.3-r44hc72bb7e_2.conda#891625b27729556fcac5cb5a3040b10f
https://conda.anaconda.org/conda-forge/noarch/r-viridislite-0.4.3-r44hc72bb7e_0.conda#7cd715023440607bb66311acf346b124
https://conda.anaconda.org/conda-forge/noarch/r-rcolorbrewer-1.1_3-r44h785f33e_4.conda#bbaae25579d5cea71278441c0b61fde3
https://conda.anaconda.org/conda-forge/noarch/r-r6-2.6.1-r44hc72bb7e_1.conda#a6809636e421b99a22d374a752c1a2d6
https://conda.anaconda.org/conda-forge/noarch/r-generics-0.1.4-r44hc72bb7e_1.conda#a593d8a24e2d841863085e8c5b50b9fa
https://conda.anaconda.org/conda-forge/noarch/r-modeltools-0.2_24-r44hc72bb7e_1.conda#954c3c9e105bff2ba6ba271609a90e41
https://conda.anaconda.org/conda-forge/noarch/r-formula-1.2_6-r44hacb3a79_0.conda#0fd7f46c10be1f64b8e32506da07470a
https://conda.anaconda.org/conda-forge/noarch/r-boot-1.3_32-r44hc72bb7e_1.conda#241eb6113fd6f1f84a8dc9c68c58e73d
https://conda.anaconda.org/conda-forge/noarch/r-cpp11-0.5.5-r44h785f33e_0.conda#a7c91479f77c69bc54216d97b918028d
https://conda.anaconda.org/conda-forge/noarch/r-withr-3.0.3-r44hc72bb7e_0.conda#9a8c141f710d08ba084adf5e145672b0
https://conda.anaconda.org/conda-forge/noarch/r-numderiv-2016.8_1.1-r44hc72bb7e_7.conda#123c352894dab867d542ca0de4dc2cb9
https://conda.anaconda.org/conda-forge/noarch/r-insight-1.5.4-r44hacb3a79_0.conda#16c1a94c1151592a17d96fa7d32a66bb
https://conda.anaconda.org/conda-forge/noarch/r-munsell-0.5.1-r44hc72bb7e_2.conda#79407650271d42d8aadfe756f89521c7
https://conda.anaconda.org/conda-forge/noarch/r-lifecycle-1.0.5-r44hc72bb7e_0.conda#95dd0aa693924627e51f312be131e942
https://conda.anaconda.org/conda-forge/noarch/r-sandwich-3.1_3-r44hacb3a79_0.conda#6cdf9d8d21139e392c1fc1a783453058
https://conda.anaconda.org/conda-forge/noarch/r-quantmod-0.4.29-r44hc72bb7e_0.conda#e5c830221051abe0c3612ec77499c974
https://conda.anaconda.org/conda-forge/noarch/pyarrow-hotfix-0.7-pyhd8ed1ab_0.conda#f72f700a7f7dd2632642a5db78d2f15c
https://conda.anaconda.org/conda-forge/noarch/pybind11-3.1.0-pyh293190f_0.conda#5aa0ad32112cbfc1cf0f2b3c600be4a5
https://conda.anaconda.org/conda-forge/noarch/h2-4.4.1-pyhcf101f3_0.conda#e652ac7756069c456d0da2a922cd7df5
https://conda.anaconda.org/conda-forge/noarch/joblib-1.6.0-pyhcf101f3_0.conda#4ebc70ef1af2e21cdc8edb1bfa1ec28d
https://conda.anaconda.org/conda-forge/noarch/cached-property-2.0.1-pyhcf101f3_0.conda#70e764e549c6c25de5e429d6e4a28b39
https://conda.anaconda.org/conda-forge/noarch/python-gil-3.11.17-hd8ed1ab_1.conda#3508073beec62bc5cd0c5ce73c34cb90
https://conda.anaconda.org/conda-forge/noarch/sympy-1.14.0-pyh2585a3b_106.conda#32d866e43b25275f61566b9391ccb7b5
https://conda.anaconda.org/conda-forge/noarch/python-dateutil-2.9.0.post0-pyhe01879c_2.conda#5b8d21249ff20967101ffa321cab24e8
https://conda.anaconda.org/conda-forge/noarch/aioitertools-0.13.0-pyhd8ed1ab_0.conda#65d5134ff98cb3727022a4f23993a2e6
https://conda.anaconda.org/conda-forge/noarch/aiosignal-1.4.0-pyhd8ed1ab_0.conda#421a865222cd0c9d83ff08bc78bf3a61
https://conda.anaconda.org/conda-forge/noarch/referencing-0.37.0-pyhcf101f3_0.conda#870293df500ca7e18bedefa5838a22ab
https://conda.anaconda.org/conda-forge/noarch/typing-extensions-4.16.0-h69aa097_0.conda#c680b5747e8c4c8f23dca0bb7042a8fc
https://conda.anaconda.org/conda-forge/noarch/pypdf-6.19.0-pyh5ded981_0.conda#905b57ade1ec2a12f7daa48e1a0aa3bb
https://conda.anaconda.org/conda-forge/noarch/wheel-0.48.0-pyhd8ed1ab_0.conda#9a2124517bfd5d792e0f7b86eefdfeb8
https://conda.anaconda.org/conda-forge/noarch/patsy-1.0.3-pyhcf101f3_0.conda#13e1355debaf21a0b8c2726697ebb01b
https://conda.anaconda.org/conda-forge/noarch/r-rdpack-2.6.6-r44hc72bb7e_0.conda#284c3869ac8ccf6a66edbbdafe3b9b46
https://conda.anaconda.org/conda-forge/noarch/r-flexmix-2.3_20-r44hc72bb7e_1.conda#0dad66f7cb6877626529d98f1517de2d
https://conda.anaconda.org/conda-forge/noarch/r-mumin-1.48.11-r44hc72bb7e_0.conda#a6583f95a58a6f96e358dde114a97e2c
https://conda.anaconda.org/conda-forge/noarch/r-gtable-0.3.6-r44hc72bb7e_1.conda#1f5b8f9f0cdb53b843c4e2481e22c8c0
https://conda.anaconda.org/conda-forge/noarch/r-scales-1.4.0-r44hc72bb7e_1.conda#d5a3c79508fd7f6be657f69119265398
https://conda.anaconda.org/conda-forge/noarch/urllib3-2.8.0-pyhd8ed1ab_0.conda#407a3d3778570bae8e8fcf554e803e43
https://conda.anaconda.org/conda-forge/noarch/_python_abi3_support-1.0-hd8ed1ab_3.conda#3845f3d75991bae0fb90884662f4327c
https://conda.anaconda.org/conda-forge/noarch/pronto-2.6.0-pyh29332c3_0.conda#7b8abb3e810f8f650b092af5d19b874e
https://conda.anaconda.org/conda-forge/noarch/jsonschema-specifications-2025.9.1-pyhcf101f3_0.conda#439cd0f567d697b20a8f45cb70a1005a
https://conda.anaconda.org/conda-forge/noarch/pip-26.2.1-pyh8b19718_0.conda#77b6cf3b0689d9fc68561df0db9b856d
https://conda.anaconda.org/conda-forge/noarch/r-reformulas-0.4.4-r44hc72bb7e_0.conda#01325a8ca075b89af412d37902f0b46e
https://conda.anaconda.org/conda-forge/noarch/botocore-1.43.106-pyhd8ed1ab_0.conda#297a88b47c6e050fa3969bc29797bc10
https://conda.anaconda.org/conda-forge/noarch/jsonschema-4.26.0-pyhcf101f3_1.conda#204b5ca91eba7738790ecc333facbbbe
https://conda.anaconda.org/conda-forge/linux-64/cffi-2.1.1-py311h904a5e5_3.conda#6c91369847e5ec8456c8af44e6d99986
https://conda.anaconda.org/conda-forge/linux-64/fonttools-4.66.1-py311h92159aa_0.conda#d74f4107a95418d1936eb94b7f3b5b0b
https://conda.anaconda.org/conda-forge/linux-64/yarl-1.25.1-py311h92159aa_0.conda#27247344c62a8214333c36091a4d7261
https://conda.anaconda.org/conda-forge/linux-64/tiledb-py-0.36.0-py311hf089b0b_1.conda#464847a919188f9853178bb2d8c90d2b
https://conda.anaconda.org/conda-forge/linux-64/numcodecs-0.16.5-py311hed34c8f_0.conda#8096e6b9a5caf339c473be92e3dd23e5
https://conda.anaconda.org/conda-forge/linux-64/r-isoband-0.3.0-r44h3697838_0.conda#94d30cca33a0f27ac7bc992fe0a88d5e
https://conda.anaconda.org/conda-forge/linux-64/r-vctrs-0.7.3-r44h3697838_0.conda#77dedc64b9fe9f8452c57b503d231f96
https://conda.anaconda.org/conda-forge/linux-64/r-tseries-0.10_63-r44hf1ecf5c_0.conda#15de069025a9f343292140c5830bd233
https://conda.anaconda.org/conda-forge/linux-64/scikit-learn-1.8.0-np2py311ha15b03d_1.conda#20166c092c5a5093bbaca59925d573a3
https://conda.anaconda.org/conda-forge/linux-64/h5py-3.15.1-nompi_py311h0b2f468_101.conda#1ce254e09ec4982ed0334e5e6f113e1c
https://conda.anaconda.org/conda-forge/linux-64/pandas-2.3.3-py311hed34c8f_2.conda#2366b5470cf61614c131e356efe9f74c
https://conda.anaconda.org/conda-forge/linux-64/optree-0.20.0-py311h5f908af_1.conda#6bd81661a37295786c9e779d0dd028eb
https://conda.anaconda.org/conda-forge/linux-64/r-betareg-3.2_6-r44hddc5280_0.conda#bba7c2de83499e60bb922c7fa0ed9eca
https://conda.anaconda.org/conda-forge/linux-64/charset-normalizer-3.5.2-h1114479_0.conda#78d5c6112c9320a1a797935cecfec7c2
https://conda.anaconda.org/conda-forge/linux-64/r-lme4-1.1_38-r44h3697838_0.conda#ac17ab076f13bb3ea2a1d23ed21d538c
https://conda.anaconda.org/conda-forge/linux-64/rpy2-3.6.4-py311r44h307a326_1.conda#d8508c1a37756f543ce31791e364a230
https://conda.anaconda.org/conda-forge/linux-64/matplotlib-base-3.10.8-py311h0f3be63_0.conda#21a0139015232dc0edbf6c2179b5ec24
https://conda.anaconda.org/conda-forge/linux-64/aiohttp-3.14.4-py311h364832d_0.conda#03d2166e8fc177212641d42e3ce9281a
https://conda.anaconda.org/conda-forge/linux-64/r-purrr-1.2.2-r44h54b55ab_0.conda#bb8a0c5371d5881cbfac7fd503c907ba
https://conda.anaconda.org/conda-forge/linux-64/statsmodels-0.14.6-py311h0372a8f_0.conda#dd92402db25b74b98489a4c144f14b62
https://conda.anaconda.org/conda-forge/linux-64/pytorch-2.7.1-cpu_generic_py311_h7108385_3.conda#248b8f1bcb6214ff4716713ab0600d4f
https://conda.anaconda.org/conda-forge/noarch/zarr-3.1.5-pyhcf101f3_0.conda#c1844a94b2be61bb03bbb71574a0abfc
https://conda.anaconda.org/conda-forge/noarch/r-pillar-1.11.1-r44hc72bb7e_0.conda#89635525b35ad6b443343237b65526ae
https://conda.anaconda.org/conda-forge/noarch/r-tidyselect-1.2.1-r44hc72bb7e_2.conda#d51e16d0d45d1f5a21f74a9562ffd37d
https://conda.anaconda.org/conda-forge/noarch/r-stringr-1.6.0-r44h785f33e_0.conda#4186ef1048a6a5e5f55c359eb442093f
https://conda.anaconda.org/conda-forge/noarch/r-ggplot2-4.0.3-r44h785f33e_0.conda#57e8127cadd9933ddbd38fdf1d9d52e1
https://conda.anaconda.org/conda-forge/noarch/pynndescent-0.6.0-pyhd8ed1ab_0.conda#419e5270645b535812a6f8bef5de11aa
https://conda.anaconda.org/conda-forge/noarch/loompy-3.0.8-pyhd8ed1ab_0.conda#addfdffe9bbcf49336f173c276de6159
https://conda.anaconda.org/conda-forge/noarch/requests-2.32.5-pyhcf101f3_1.conda#c65df89a0b2e321045a9e01d1337b182
https://conda.anaconda.org/conda-forge/noarch/seaborn-base-0.13.2-pyhd8ed1ab_3.conda#fd96da444e81f9e6fcaac38590f3dd42
https://conda.anaconda.org/conda-forge/noarch/pycirclize-1.10.1-pyhd8ed1ab_0.conda#3a6bc4923f3348cbab153dac6e607392
https://conda.anaconda.org/conda-forge/noarch/aiobotocore-3.9.2-pyh5ded981_0.conda#3d5ef6308d4c0629f2d32eb487b722da
https://conda.anaconda.org/conda-forge/noarch/anndata-0.12.7-pyhd8ed1ab_0.conda#9df57a67e2515e4cde67a1d2e1d71b64
https://conda.anaconda.org/conda-forge/noarch/r-cowplot-1.2.0-r44hc72bb7e_2.conda#b718aae0cdf42ba260463538a492d33d
https://conda.anaconda.org/conda-forge/noarch/r-lmertest-3.2_1-r44hc72bb7e_0.conda#37c7d1998d1d01098164cd8a5fbe99eb
https://conda.anaconda.org/conda-forge/noarch/seaborn-0.13.2-hd8ed1ab_3.conda#62afb877ca2c2b4b6f9ecb37320085b6
https://conda.anaconda.org/conda-forge/noarch/s3fs-2026.9.0-pyhd8ed1ab_0.conda#f84e2302a6e766822ad9b7c9d838e94e
https://conda.anaconda.org/conda-forge/noarch/somacore-1.0.29-pyhe01879c_0.conda#3a5b19a010cfb701f362c5470fb0eb39
https://conda.anaconda.org/bioconda/noarch/harmonypy-0.2.0-pyhdfd78af_0.conda#15bd54b9e0ca16fffb49113ef8a37fb9
https://conda.anaconda.org/conda-forge/linux-64/r-tibble-3.3.1-r44h54b55ab_0.conda#4896d527628b3637c7e5bd2132a4c6a1
https://conda.anaconda.org/conda-forge/linux-64/r-forecast-9.0.2-r44hf1899b2_0.conda#e490c8d754bc785898701cfac226d98d
https://conda.anaconda.org/conda-forge/linux-64/umap-learn-0.5.12-py311h38be061_0.conda#630a6f48490aa3b7059260548bd2164e
https://conda.anaconda.org/conda-forge/linux-64/r-dplyr-1.2.1-r44h3697838_0.conda#e6bf69914670ac1931dcff0372516c50
https://conda.anaconda.org/conda-forge/linux-64/r-tidyr-1.3.2-r44h3697838_0.conda#9f09baf88d34df98009c4d1d2ffa0b0f
https://conda.anaconda.org/bioconda/linux-64/gseapy-1.3.1-py311heb3b1e3_0.conda#cd654aed3c7dc11bd703c5ec4b1aa860
https://conda.anaconda.org/conda-forge/noarch/scanpy-1.11.5-pyhd8ed1ab_0.conda#8e9d5a835570e7cd76bd7c6cfed487e0
https://conda.anaconda.org/conda-forge/noarch/r-broom-1.0.13-r44hc72bb7e_0.conda#17f0064b712566e1e5cc3070f51f54f2
https://conda.anaconda.org/conda-forge/noarch/r-modelr-0.1.11-r44hc72bb7e_3.conda#24fd2637122778fd80cbf88104ce1150
https://conda.anaconda.org/conda-forge/noarch/r-doby-4.7.2-r44hc72bb7e_0.conda#eaf338a07cde9799480823885fba424b
https://conda.anaconda.org/conda-forge/noarch/r-pbkrtest-0.5.5-r44hc72bb7e_1.conda#315cb60a2c4051059965ce6239f5c0c3
https://conda.anaconda.org/conda-forge/linux-64/tiledbsoma-py-2.3.0-py311h0508835_0.conda#d439edb97735b2f847624db2ea01374c
https://conda.anaconda.org/conda-forge/linux-64/r-glmmtmb-1.1.14-r44h3697838_0.conda#5737a8d4082cb6083da6e220c76e8cf2
https://conda.anaconda.org/conda-forge/noarch/cellxgene-census-1.17.0-pyh29332c3_0.conda#6822ed7e5f9ceb95ae5ceb0a2b7aaa82
